
Microsoft Visual Studio Solution File, Format Version 12.00
# Visual Studio Version 17
VisualStudioVersion = 17.11.35312.102
MinimumVisualStudioVersion = 10.0.40219.1
Project("{FAE04EC0-301F-11D3-BF4B-00C04F79EFBC}") = "01_MainSubjects", "01_MainSubjects\01_MainSubjects.csproj", "{E8BA4EB2-0FC2-49FB-A5EF-16F7EA5F9265}"
EndProject
Project("{FAE04EC0-301F-11D3-BF4B-00C04F79EFBC}") = "02_Variables", "02_Variables\02_Variables.csproj", "{83E43D8C-CFCD-4936-A278-AE1082A9429B}"
EndProject
Project("{FAE04EC0-301F-11D3-BF4B-00C04F79EFBC}") = "03_MakingDecision", "03_MakingDecision\03_MakingDecision.csproj", "{EB0DD0B4-5B46-4F6D-8E4F-C23DAE6928FD}"
EndProject
Project("{FAE04EC0-301F-11D3-BF4B-00C04F79EFBC}") = "04_Loops", "04_Loops\04_Loops.csproj", "{46F8A26D-D752-4F1D-9D9E-69CEEE170612}"
EndProject
Project("{FAE04EC0-301F-11D3-BF4B-00C04F79EFBC}") = "05_LoopsWithStars", "05_LoopsWithStars\05_LoopsWithStars.csproj", "{717A092E-61C5-4DB3-B45B-D7D78973C39F}"
EndProject
Global
	GlobalSection(SolutionConfigurationPlatforms) = preSolution
		Debug|Any CPU = Debug|Any CPU
		Release|Any CPU = Release|Any CPU
	EndGlobalSection
	GlobalSection(ProjectConfigurationPlatforms) = postSolution
		{E8BA4EB2-0FC2-49FB-A5EF-16F7EA5F9265}.Debug|Any CPU.ActiveCfg = Debug|Any CPU
		{E8BA4EB2-0FC2-49FB-A5EF-16F7EA5F9265}.Debug|Any CPU.Build.0 = Debug|Any CPU
		{E8BA4EB2-0FC2-49FB-A5EF-16F7EA5F9265}.Release|Any CPU.ActiveCfg = Release|Any CPU
		{E8BA4EB2-0FC2-49FB-A5EF-16F7EA5F9265}.Release|Any CPU.Build.0 = Release|Any CPU
		{83E43D8C-CFCD-4936-A278-AE1082A9429B}.Debug|Any CPU.ActiveCfg = Debug|Any CPU
		{83E43D8C-CFCD-4936-A278-AE1082A9429B}.Debug|Any CPU.Build.0 = Debug|Any CPU
		{83E43D8C-CFCD-4936-A278-AE1082A9429B}.Release|Any CPU.ActiveCfg = Release|Any CPU
		{83E43D8C-CFCD-4936-A278-AE1082A9429B}.Release|Any CPU.Build.0 = Release|Any CPU
		{EB0DD0B4-5B46-4F6D-8E4F-C23DAE6928FD}.Debug|Any CPU.ActiveCfg = Debug|Any CPU
		{EB0DD0B4-5B46-4F6D-8E4F-C23DAE6928FD}.Debug|Any CPU.Build.0 = Debug|Any CPU
		{EB0DD0B4-5B46-4F6D-8E4F-C23DAE6928FD}.Release|Any CPU.ActiveCfg = Release|Any CPU
		{EB0DD0B4-5B46-4F6D-8E4F-C23DAE6928FD}.Release|Any CPU.Build.0 = Release|Any CPU
		{46F8A26D-D752-4F1D-9D9E-69CEEE170612}.Debug|Any CPU.ActiveCfg = Debug|Any CPU
		{46F8A26D-D752-4F1D-9D9E-69CEEE170612}.Debug|Any CPU.Build.0 = Debug|Any CPU
		{46F8A26D-D752-4F1D-9D9E-69CEEE170612}.Release|Any CPU.ActiveCfg = Release|Any CPU
		{46F8A26D-D752-4F1D-9D9E-69CEEE170612}.Release|Any CPU.Build.0 = Release|Any CPU
		{717A092E-61C5-4DB3-B45B-D7D78973C39F}.Debug|Any CPU.ActiveCfg = Debug|Any CPU
		{717A092E-61C5-4DB3-B45B-D7D78973C39F}.Debug|Any CPU.Build.0 = Debug|Any CPU
		{717A092E-61C5-4DB3-B45B-D7D78973C39F}.Release|Any CPU.ActiveCfg = Release|Any CPU
		{717A092E-61C5-4DB3-B45B-D7D78973C39F}.Release|Any CPU.Build.0 = Release|Any CPU
	EndGlobalSection
	GlobalSection(SolutionProperties) = preSolution
		HideSolutionNode = FALSE
	EndGlobalSection
	GlobalSection(ExtensibilityGlobals) = postSolution
		SolutionGuid = {0A6504C7-CC46-4841-B799-9F9F4A4E72BA}
	EndGlobalSection
EndGlobal
